
Microsoft Visual Studio Solution File, Format Version 12.00
# Visual Studio Version 16
VisualStudioVersion = 16.0.31205.134
MinimumVisualStudioVersion = 10.0.40219.1
Project("{9A19103F-16F7-4668-BE54-9A1E7A4F7556}") = "CarBot", "MyTwitchBot\CarBot.csproj", "{1E01AC90-EBE5-4E2D-8C7C-5E3726C57F87}"
EndProject
Global
	GlobalSection(SolutionConfigurationPlatforms) = preSolution
		Debug|Any CPU = Debug|Any CPU
		Release|Any CPU = Release|Any CPU
	EndGlobalSection
	GlobalSection(ProjectConfigurationPlatforms) = postSolution
		{1E01AC90-EBE5-4E2D-8C7C-5E3726C57F87}.Debug|Any CPU.ActiveCfg = Debug|Any CPU
		{1E01AC90-EBE5-4E2D-8C7C-5E3726C57F87}.Debug|Any CPU.Build.0 = Debug|Any CPU
		{1E01AC90-EBE5-4E2D-8C7C-5E3726C57F87}.Release|Any CPU.ActiveCfg = Release|Any CPU
		{1E01AC90-EBE5-4E2D-8C7C-5E3726C57F87}.Release|Any CPU.Build.0 = Release|Any CPU
	EndGlobalSection
	GlobalSection(SolutionProperties) = preSolution
		HideSolutionNode = FALSE
	EndGlobalSection
	GlobalSection(ExtensibilityGlobals) = postSolution
		SolutionGuid = {5EFD84E1-AE53-453F-B697-D9A0ACEAB610}
	EndGlobalSection
EndGlobal
